
Microsoft Visual Studio Solution File, Format Version 12.00
# Visual Studio 15
Project("{FAE04EC0-301F-11D3-BF4B-00C04F79EFBC}") = "Assembly-CSharp", "Assembly-CSharp.csproj", "{FA40C1CF-E8CE-E13D-B7D8-AE863726DDFF}"
EndProject
Global
	GlobalSection(SolutionConfigurationPlatforms) = preSolution
		Debug|Any CPU = Debug|Any CPU
		Release|Any CPU = Release|Any CPU
	EndGlobalSection
	GlobalSection(ProjectConfigurationPlatforms) = postSolution
		{FA40C1CF-E8CE-E13D-B7D8-AE863726DDFF}.Debug|Any CPU.ActiveCfg = Debug|Any CPU
		{FA40C1CF-E8CE-E13D-B7D8-AE863726DDFF}.Debug|Any CPU.Build.0 = Debug|Any CPU
		{FA40C1CF-E8CE-E13D-B7D8-AE863726DDFF}.Release|Any CPU.ActiveCfg = Release|Any CPU
		{FA40C1CF-E8CE-E13D-B7D8-AE863726DDFF}.Release|Any CPU.Build.0 = Release|Any CPU
	EndGlobalSection
	GlobalSection(SolutionProperties) = preSolution
		HideSolutionNode = FALSE
	EndGlobalSection
EndGlobal
